// !$*UTF8*$!
{
	archiveVersion = 1;
	classes = {
	};
	objectVersion = 46;
	objects = {

/* Begin PBXBuildFile section */
		95D976031D6D0A5300F0FEFA /* AppDelegate.swift in Sources */ = {isa = PBXBuildFile; fileRef = 95D976021D6D0A5300F0FEFA /* AppDelegate.swift */; };
		95D976051D6D0A5300F0FEFA /* ViewController.swift in Sources */ = {isa = PBXBuildFile; fileRef = 95D976041D6D0A5300F0FEFA /* ViewController.swift */; };
		95D976081D6D0A5300F0FEFA /* Main.storyboard in Resources */ = {isa = PBXBuildFile; fileRef = 95D976061D6D0A5300F0FEFA /* Main.storyboard */; };
		95D9760A1D6D0A5300F0FEFA /* Assets.xcassets in Resources */ = {isa = PBXBuildFile; fileRef = 95D976091D6D0A5300F0FEFA /* Assets.xcassets */; };
		95D9760D1D6D0A5300F0FEFA /* LaunchScreen.storyboard in Resources */ = {isa = PBXBuildFile; fileRef = 95D9760B1D6D0A5300F0FEFA /* LaunchScreen.storyboard */; };
/* End PBXBuildFile section */

/* Begin PBXFileReference section */
		95D975FF1D6D0A5300F0FEFA /* PhotoAlbumCollectionView.app */ = {isa = PBXFileReference; explicitFileType = wrapper.application; includeInIndex = 0; path = PhotoAlbumCollectionView.app; sourceTree = BUILT_PRODUCTS_DIR; };
		95D976021D6D0A5300F0FEFA /* AppDelegate.swift */ = {isa = PBXFileReference; lastKnownFileType = sourcecode.swift; path = AppDelegate.swift; sourceTree = "<group>"; };
		95D976041D6D0A5300F0FEFA /* ViewController.swift */ = {isa = PBXFileReference; lastKnownFileType = sourcecode.swift; path = ViewController.swift; sourceTree = "<group>"; };
		95D976071D6D0A5300F0FEFA /* Base */ = {isa = PBXFileReference; lastKnownFileType = file.storyboard; name = Base; path = Base.lproj/Main.storyboard; sourceTree = "<group>"; };
		95D976091D6D0A5300F0FEFA /* Assets.xcassets */ = {isa = PBXFileReference; lastKnownFileType = folder.assetcatalog; path = Assets.xcassets; sourceTree = "<group>"; };
		95D9760C1D6D0A5300F0FEFA /* Base */ = {isa = PBXFileReference; lastKnownFileType = file.storyboard; name = Base; path = Base.lproj/LaunchScreen.storyboard; sourceTree = "<group>"; };
		95D9760E1D6D0A5300F0FEFA /* Info.plist */ = {isa = PBXFileReference; lastKnownFileType = text.plist.xml; path = Info.plist; sourceTree = "<group>"; };
/* End PBXFileReference section */

/* Begin PBXFrameworksBuildPhase section */
		95D975FC1D6D0A5300F0FEFA /* Frameworks */ = {
			isa = PBXFrameworksBuildPhase;
			buildActionMask = 2147483647;
			files = (
			);
			runOnlyForDeploymentPostprocessing = 0;
		};
/* End PBXFrameworksBuildPhase section */

/* Begin PBXGroup section */
		95D975F61D6D0A5300F0FEFA = {
			isa = PBXGroup;
			children = (
				95D976011D6D0A5300F0FEFA /* PhotoAlbumCollectionView */,
				95D976001D6D0A5300F0FEFA /* Products */,
			);
			sourceTree = "<group>";
		};
		95D976001D6D0A5300F0FEFA /* Products */ = {
			isa = PBXGroup;
			children = (
				95D975FF1D6D0A5300F0FEFA /* PhotoAlbumCollectionView.app */,
			);
			name = Products;
			sourceTree = "<group>";
		};
		95D976011D6D0A5300F0FEFA /* PhotoAlbumCollectionView */ = {
			isa = PBXGroup;
			children = (
				95D976021D6D0A5300F0FEFA /* AppDelegate.swift */,
				95D976041D6D0A5300F0FEFA /* ViewController.swift */,
				95D976061D6D0A5300F0FEFA /* Main.storyboard */,
				95D976091D6D0A5300F0FEFA /* Assets.xcassets */,
				95D9760B1D6D0A5300F0FEFA /* LaunchScreen.storyboard */,
				95D9760E1D6D0A5300F0FEFA /* Info.plist */,
			);
			path = PhotoAlbumCollectionView;
			sourceTree = "<group>";
		};
/* End PBXGroup section */

/* Begin PBXNativeTarget section */
		95D975FE1D6D0A5300F0FEFA /* PhotoAlbumCollectionView */ = {
			isa = PBXNativeTarget;
			buildConfigurationList = 95D976111D6D0A5300F0FEFA /* Build configuration list for PBXNativeTarget "PhotoAlbumCollectionView" */;
			buildPhases = (
				95D975FB1D6D0A5300F0FEFA /* Sources */,
				95D975FC1D6D0A5300F0FEFA /* Frameworks */,
				95D975FD1D6D0A5300F0FEFA /* Resources */,
			);
			buildRules = (
			);
			dependencies = (
			);
			name = PhotoAlbumCollectionView;
			productName = PhotoAlbumCollectionView;
			productReference = 95D975FF1D6D0A5300F0FEFA /* PhotoAlbumCollectionView.app */;
			productType = "com.apple.product-type.application";
		};
/* End PBXNativeTarget section */

/* Begin PBXProject section */
		95D975F71D6D0A5300F0FEFA /* Project object */ = {
			isa = PBXProject;
			attributes = {
				LastSwiftUpdateCheck = 0730;
				LastUpgradeCheck = 0730;
				ORGANIZATIONNAME = "Jeffrey Eng";
				TargetAttributes = {
					95D975FE1D6D0A5300F0FEFA = {
						CreatedOnToolsVersion = 7.3.1;
					};
				};
			};
			buildConfigurationList = 95D975FA1D6D0A5300F0FEFA /* Build configuration list for PBXProject "PhotoAlbumCollectionView" */;
			compatibilityVersion = "Xcode 3.2";
			developmentRegion = English;
			hasScannedForEncodings = 0;
			knownRegions = (
				en,
				Base,
			);
			mainGroup = 95D975F61D6D0A5300F0FEFA;
			productRefGroup = 95D976001D6D0A5300F0FEFA /* Products */;
			projectDirPath = "";
			projectRoot = "";
			targets = (
				95D975FE1D6D0A5300F0FEFA /* PhotoAlbumCollectionView */,
			);
		};
/* End PBXProject section */

/* Begin PBXResourcesBuildPhase section */
		95D975FD1D6D0A5300F0FEFA /* Resources */ = {
			isa = PBXResourcesBuildPhase;
			buildActionMask = 2147483647;
			files = (
				95D9760D1D6D0A5300F0FEFA /* LaunchScreen.storyboard in Resources */,
				95D9760A1D6D0A5300F0FEFA /* Assets.xcassets in Resources */,
				95D976081D6D0A5300F0FEFA /* Main.storyboard in Resources */,
			);
			runOnlyForDeploymentPostprocessing = 0;
		};
/* End PBXResourcesBuildPhase section */

/* Begin PBXSourcesBuildPhase section */
		95D975FB1D6D0A5300F0FEFA /* Sources */ = {
			isa = PBXSourcesBuildPhase;
			buildActionMask = 2147483647;
			files = (
				95D976051D6D0A5300F0FEFA /* ViewController.swift in Sources */,
				95D976031D6D0A5300F0FEFA /* AppDelegate.swift in Sources */,
			);
			runOnlyForDeploymentPostprocessing = 0;
		};
/* End PBXSourcesBuildPhase section */

/* Begin PBXVariantGroup section */
		95D976061D6D0A5300F0FEFA /* Main.storyboard */ = {
			isa = PBXVariantGroup;
			children = (
				95D976071D6D0A5300F0FEFA /* Base */,
			);
			name = Main.storyboard;
			sourceTree = "<group>";
		};
		95D9760B1D6D0A5300F0FEFA /* LaunchScreen.storyboard */ = {
			isa = PBXVariantGroup;
			children = (
				95D9760C1D6D0A5300F0FEFA /* Base */,
			);
			name = LaunchScreen.storyboard;
			sourceTree = "<group>";
		};
/* End PBXVariantGroup section */

/* Begin XCBuildConfiguration section */
		95D9760F1D6D0A5300F0FEFA /* Debug */ = {
			isa = XCBuildConfiguration;
			buildSettings = {
				ALWAYS_SEARCH_USER_PATHS = NO;
				CLANG_ANALYZER_NONNULL = YES;
				CLANG_CXX_LANGUAGE_STANDARD = "gnu++0x";
				CLANG_CXX_LIBRARY = "libc++";
				CLANG_ENABLE_MODULES = YES;
				CLANG_ENABLE_OBJC_ARC = YES;
				CLANG_WARN_BOOL_CONVERSION = YES;
				CLANG_WARN_CONSTANT_CONVERSION = YES;
				CLANG_WARN_DIRECT_OBJC_ISA_USAGE = YES_ERROR;
				CLANG_WARN_EMPTY_BODY = YES;
				CLANG_WARN_ENUM_CONVERSION = YES;
				CLANG_WARN_INT_CONVERSION = YES;
				CLANG_WARN_OBJC_ROOT_CLASS = YES_ERROR;
				CLANG_WARN_UNREACHABLE_CODE = YES;
				CLANG_WARN__DUPLICATE_METHOD_MATCH = YES;
				"CODE_SIGN_IDENTITY[sdk=iphoneos*]" = "iPhone Developer";
				COPY_PHASE_STRIP = NO;
				DEBUG_INFORMATION_FORMAT = dwarf;
				ENABLE_STRICT_OBJC_MSGSEND = YES;
				ENABLE_TESTABILITY = YES;
				GCC_C_LANGUAGE_STANDARD = gnu99;
				GCC_DYNAMIC_NO_PIC = NO;
				GCC_NO_COMMON_BLOCKS = YES;
				GCC_OPTIMIZATION_LEVEL = 0;
				GCC_PREPROCESSOR_DEFINITIONS = (
					"DEBUG=1",
					"$(inherited)",
				);
				GCC_WARN_64_TO_32_BIT_CONVERSION = YES;
				GCC_WARN_ABOUT_RETURN_TYPE = YES_ERROR;
				GCC_WARN_UNDECLARED_SELECTOR = YES;
				GCC_WARN_UNINITIALIZED_AUTOS = YES_AGGRESSIVE;
				GCC_WARN_UNUSED_FUNCTION = YES;
				GCC_WARN_UNUSED_VARIABLE = YES;
				IPHONEOS_DEPLOYMENT_TARGET = 9.3;
				MTL_ENABLE_DEBUG_INFO = YES;
				ONLY_ACTIVE_ARCH = YES;
				SDKROOT = iphoneos;
				SWIFT_OPTIMIZATION_LEVEL = "-Onone";
				TARGETED_DEVICE_FAMILY = "1,2";
			};
			name = Debug;
		};
		95D976101D6D0A5300F0FEFA /* Release */ = {
			isa = XCBuildConfiguration;
			buildSettings = {
				ALWAYS_SEARCH_USER_PATHS = NO;
				CLANG_ANALYZER_NONNULL = YES;
				CLANG_CXX_LANGUAGE_STANDARD = "gnu++0x";
				CLANG_CXX_LIBRARY = "libc++";
				CLANG_ENABLE_MODULES = YES;
				CLANG_ENABLE_OBJC_ARC = YES;
				CLANG_WARN_BOOL_CONVERSION = YES;
				CLANG_WARN_CONSTANT_CONVERSION = YES;
				CLANG_WARN_DIRECT_OBJC_ISA_USAGE = YES_ERROR;
				CLANG_WARN_EMPTY_BODY = YES;
				CLANG_WARN_ENUM_CONVERSION = YES;
				CLANG_WARN_INT_CONVERSION = YES;
				CLANG_WARN_OBJC_ROOT_CLASS = YES_ERROR;
				CLANG_WARN_UNREACHABLE_CODE = YES;
				CLANG_WARN__DUPLICATE_METHOD_MATCH = YES;
				"CODE_SIGN_IDENTITY[sdk=iphoneos*]" = "iPhone Developer";
				COPY_PHASE_STRIP = NO;
				DEBUG_INFORMATION_FORMAT = "dwarf-with-dsym";
				ENABLE_NS_ASSERTIONS = NO;
				ENABLE_STRICT_OBJC_MSGSEND = YES;
				GCC_C_LANGUAGE_STANDARD = gnu99;
				GCC_NO_COMMON_BLOCKS = YES;
				GCC_WARN_64_TO_32_BIT_CONVERSION = YES;
				GCC_WARN_ABOUT_RETURN_TYPE = YES_ERROR;
				GCC_WARN_UNDECLARED_SELECTOR = YES;
				GCC_WARN_UNINITIALIZED_AUTOS = YES_AGGRESSIVE;
				GCC_WARN_UNUSED_FUNCTION = YES;
				GCC_WARN_UNUSED_VARIABLE = YES;
				IPHONEOS_DEPLOYMENT_TARGET = 9.3;
				MTL_ENABLE_DEBUG_INFO = NO;
				SDKROOT = iphoneos;
				TARGETED_DEVICE_FAMILY = "1,2";
				VALIDATE_PRODUCT = YES;
			};
			name = Release;
		};
		95D976121D6D0A5300F0FEFA /* Debug */ = {
			isa = XCBuildConfiguration;
			buildSettings = {
				ASSETCATALOG_COMPILER_APPICON_NAME = AppIcon;
				INFOPLIST_FILE = PhotoAlbumCollectionView/Info.plist;
				LD_RUNPATH_SEARCH_PATHS = "$(inherited) @executable_path/Frameworks";
				PRODUCT_BUNDLE_IDENTIFIER = com.jeffeng.PhotoAlbumCollectionView;
				PRODUCT_NAME = "$(TARGET_NAME)";
			};
			name = Debug;
		};
		95D976131D6D0A5300F0FEFA /* Release */ = {
			isa = XCBuildConfiguration;
			buildSettings = {
				ASSETCATALOG_COMPILER_APPICON_NAME = AppIcon;
				INFOPLIST_FILE = PhotoAlbumCollectionView/Info.plist;
				LD_RUNPATH_SEARCH_PATHS = "$(inherited) @executable_path/Frameworks";
				PRODUCT_BUNDLE_IDENTIFIER = com.jeffeng.PhotoAlbumCollectionView;
				PRODUCT_NAME = "$(TARGET_NAME)";
			};
			name = Release;
		};
/* End XCBuildConfiguration section */

/* Begin XCConfigurationList section */
		95D975FA1D6D0A5300F0FEFA /* Build configuration list for PBXProject "PhotoAlbumCollectionView" */ = {
			isa = XCConfigurationList;
			buildConfigurations = (
				95D9760F1D6D0A5300F0FEFA /* Debug */,
				95D976101D6D0A5300F0FEFA /* Release */,
			);
			defaultConfigurationIsVisible = 0;
			defaultConfigurationName = Release;
		};
		95D976111D6D0A5300F0FEFA /* Build configuration list for PBXNativeTarget "PhotoAlbumCollectionView" */ = {
			isa = XCConfigurationList;
			buildConfigurations = (
				95D976121D6D0A5300F0FEFA /* Debug */,
				95D976131D6D0A5300F0FEFA /* Release */,
			);
			defaultConfigurationIsVisible = 0;
		};
/* End XCConfigurationList section */
	};
	rootObject = 95D975F71D6D0A5300F0FEFA /* Project object */;
}
